
Microsoft Visual Studio Solution File, Format Version 12.00
# Visual Studio Version 18
VisualStudioVersion = 18.6.11822.322
MinimumVisualStudioVersion = 10.0.40219.1
Project("{2150E333-8FDC-42A3-9474-1A3956D46DE8}") = "src", "src", "{827E0CD3-B72D-47B6-A68D-7590B98EB39B}"
EndProject
Project("{FAE04EC0-301F-11D3-BF4B-00C04F79EFBC}") = "Acd.Mcp", "src\Autocad\Acd.Mcp\Acd.Mcp.csproj", "{E528A308-27B0-40E4-8306-A16299EF8702}"
EndProject
Project("{FAE04EC0-301F-11D3-BF4B-00C04F79EFBC}") = "Acd.Mcp.Bridge", "src\Autocad\Acd.Mcp.Bridge\Acd.Mcp.Bridge.csproj", "{19A40CA7-A399-4154-B0BC-8FD3FC39DCA5}"
EndProject
Project("{FAE04EC0-301F-11D3-BF4B-00C04F79EFBC}") = "Acd.Mcp.Batch", "src\Autocad\Acd.Mcp.Batch\Acd.Mcp.Batch.csproj", "{C161ECCF-552B-42E4-BE09-4E5AB2D4477B}"
EndProject
Project("{FAE04EC0-301F-11D3-BF4B-00C04F79EFBC}") = "Acd.Mcp.Api", "src\Autocad\Acd.Mcp.Api\Acd.Mcp.Api.csproj", "{EA726970-1127-4DBE-83F6-B7602D144042}"
EndProject
Project("{FAE04EC0-301F-11D3-BF4B-00C04F79EFBC}") = "Acd.Mcp.Contracts", "src\Autocad\Acd.Mcp.Contracts\Acd.Mcp.Contracts.csproj", "{E1A30FC8-2486-4E9B-9691-4BEF76DD3B24}"
EndProject
Project("{FAE04EC0-301F-11D3-BF4B-00C04F79EFBC}") = "Rvt.Mcp", "src\Revit\Rvt.Mcp\Rvt.Mcp.csproj", "{58951EF9-81AB-4C77-8C02-6BAF9BA42E48}"
EndProject
Project("{FAE04EC0-301F-11D3-BF4B-00C04F79EFBC}") = "Rvt.Mcp.Bridge", "src\Revit\Rvt.Mcp.Bridge\Rvt.Mcp.Bridge.csproj", "{64123720-18CE-4A63-9B1C-A88EBA191716}"
EndProject
Project("{FAE04EC0-301F-11D3-BF4B-00C04F79EFBC}") = "Rvt.Mcp.Loader", "src\Revit\Rvt.Mcp.Loader\Rvt.Mcp.Loader.csproj", "{0166BAC9-EF2D-455A-891C-448A820F7F88}"
EndProject
Project("{2150E333-8FDC-42A3-9474-1A3956D46DE8}") = "Revit", "Revit", "{65533767-D758-79C8-E7DE-792C4E0B7E97}"
EndProject
Project("{FAE04EC0-301F-11D3-BF4B-00C04F79EFBC}") = "Rvt.Mcp.Api", "src\Revit\Rvt.Mcp.Api\Rvt.Mcp.Api.csproj", "{13088EB2-31CE-4677-8A86-D3B73AE0CEBF}"
EndProject
Project("{2150E333-8FDC-42A3-9474-1A3956D46DE8}") = "Shared", "Shared", "{4F52FD11-658E-A102-6CD3-7D7C16FFA15B}"
EndProject
Project("{FAE04EC0-301F-11D3-BF4B-00C04F79EFBC}") = "Mcp.Kernel", "src\Shared\Mcp.Kernel\Mcp.Kernel.csproj", "{A7B8C6C6-EFEF-4A32-85CB-50D40BB73240}"
EndProject
Project("{FAE04EC0-301F-11D3-BF4B-00C04F79EFBC}") = "Mcp.Kernel.Scripting", "src\Shared\Mcp.Kernel.Scripting\Mcp.Kernel.Scripting.csproj", "{F149A032-D0B6-4F0D-A26E-5533762E7CE8}"
EndProject
Project("{FAE04EC0-301F-11D3-BF4B-00C04F79EFBC}") = "Mcp.Kernel.Bridge", "src\Shared\Mcp.Kernel.Bridge\Mcp.Kernel.Bridge.csproj", "{BAB364D8-58AB-40B6-8E94-465D9936EDC7}"
EndProject
Project("{2150E333-8FDC-42A3-9474-1A3956D46DE8}") = "Tests", "Tests", "{0AB3BF05-4346-4AA6-1389-037BE0695223}"
EndProject
Project("{2150E333-8FDC-42A3-9474-1A3956D46DE8}") = "Autocad", "Autocad", "{E50C7B97-9EC6-5A0E-0EAF-B8774347EFE5}"
EndProject
Project("{FAE04EC0-301F-11D3-BF4B-00C04F79EFBC}") = "Acd.Mcp.Tests", "tests\Autocad\Acd.Mcp.Tests\Acd.Mcp.Tests.csproj", "{2CD0EC64-EA71-4EFD-9949-2F30A268A7BE}"
EndProject
Project("{FAE04EC0-301F-11D3-BF4B-00C04F79EFBC}") = "Acd.Mcp.Batch.Tests", "tests\Autocad\Acd.Mcp.Batch.Tests\Acd.Mcp.Batch.Tests.csproj", "{2E91EC1A-526A-4F31-BFEB-BEE4549DCC13}"
EndProject
Project("{FAE04EC0-301F-11D3-BF4B-00C04F79EFBC}") = "Acd.Mcp.Bridge.Tests", "tests\Autocad\Acd.Mcp.Bridge.Tests\Acd.Mcp.Bridge.Tests.csproj", "{D8AC2230-E9AC-4650-A812-14DB6F091220}"
EndProject
Project("{2150E333-8FDC-42A3-9474-1A3956D46DE8}") = "Revit", "Revit", "{BE1EEABA-5EF0-EB66-A09F-341DFADC5919}"
EndProject
Project("{FAE04EC0-301F-11D3-BF4B-00C04F79EFBC}") = "Rvt.Mcp.Tests", "tests\Revit\Rvt.Mcp.Tests\Rvt.Mcp.Tests.csproj", "{B6EC17D3-7E95-4DEF-AE50-96A9DCCBA69B}"
EndProject
Project("{2150E333-8FDC-42A3-9474-1A3956D46DE8}") = "Shared", "Shared", "{D0D6B8B0-AC35-B3FA-0B96-A9B0E4A3253E}"
EndProject
Project("{FAE04EC0-301F-11D3-BF4B-00C04F79EFBC}") = "Mcp.Kernel.Tests", "tests\Shared\Mcp.Kernel.Tests\Mcp.Kernel.Tests.csproj", "{A6746393-6ABA-420B-9E0E-4BF67A3B825B}"
EndProject
Project("{FAE04EC0-301F-11D3-BF4B-00C04F79EFBC}") = "Rvt.Mcp.Tests.RequiresRevit", "tests\Revit\Rvt.Mcp.Tests.RequiresRevit\Rvt.Mcp.Tests.RequiresRevit.csproj", "{29DA2834-A496-4C8B-A622-6794108956E2}"
EndProject
Global
	GlobalSection(SolutionConfigurationPlatforms) = preSolution
		Debug|x64 = Debug|x64
		Debug|Any CPU = Debug|Any CPU
		Debug|x86 = Debug|x86
		Release|x64 = Release|x64
		Release|Any CPU = Release|Any CPU
		Release|x86 = Release|x86
	EndGlobalSection
	GlobalSection(ProjectConfigurationPlatforms) = postSolution
		{E528A308-27B0-40E4-8306-A16299EF8702}.Debug|x64.ActiveCfg = Debug|x64
		{E528A308-27B0-40E4-8306-A16299EF8702}.Debug|x64.Build.0 = Debug|x64
		{E528A308-27B0-40E4-8306-A16299EF8702}.Debug|Any CPU.ActiveCfg = Debug|Any CPU
		{E528A308-27B0-40E4-8306-A16299EF8702}.Debug|Any CPU.Build.0 = Debug|Any CPU
		{E528A308-27B0-40E4-8306-A16299EF8702}.Debug|x86.ActiveCfg = Debug|Any CPU
		{E528A308-27B0-40E4-8306-A16299EF8702}.Debug|x86.Build.0 = Debug|Any CPU
		{E528A308-27B0-40E4-8306-A16299EF8702}.Release|x64.ActiveCfg = Release|x64
		{E528A308-27B0-40E4-8306-A16299EF8702}.Release|x64.Build.0 = Release|x64
		{E528A308-27B0-40E4-8306-A16299EF8702}.Release|Any CPU.ActiveCfg = Release|Any CPU
		{E528A308-27B0-40E4-8306-A16299EF8702}.Release|Any CPU.Build.0 = Release|Any CPU
		{E528A308-27B0-40E4-8306-A16299EF8702}.Release|x86.ActiveCfg = Release|Any CPU
		{E528A308-27B0-40E4-8306-A16299EF8702}.Release|x86.Build.0 = Release|Any CPU
		{19A40CA7-A399-4154-B0BC-8FD3FC39DCA5}.Debug|x64.ActiveCfg = Debug|x64
		{19A40CA7-A399-4154-B0BC-8FD3FC39DCA5}.Debug|x64.Build.0 = Debug|x64
		{19A40CA7-A399-4154-B0BC-8FD3FC39DCA5}.Debug|Any CPU.ActiveCfg = Debug|Any CPU
		{19A40CA7-A399-4154-B0BC-8FD3FC39DCA5}.Debug|Any CPU.Build.0 = Debug|Any CPU
		{19A40CA7-A399-4154-B0BC-8FD3FC39DCA5}.Debug|x86.ActiveCfg = Debug|Any CPU
		{19A40CA7-A399-4154-B0BC-8FD3FC39DCA5}.Debug|x86.Build.0 = Debug|Any CPU
		{19A40CA7-A399-4154-B0BC-8FD3FC39DCA5}.Release|x64.ActiveCfg = Release|x64
		{19A40CA7-A399-4154-B0BC-8FD3FC39DCA5}.Release|x64.Build.0 = Release|x64
		{19A40CA7-A399-4154-B0BC-8FD3FC39DCA5}.Release|Any CPU.ActiveCfg = Release|Any CPU
		{19A40CA7-A399-4154-B0BC-8FD3FC39DCA5}.Release|Any CPU.Build.0 = Release|Any CPU
		{19A40CA7-A399-4154-B0BC-8FD3FC39DCA5}.Release|x86.ActiveCfg = Release|Any CPU
		{19A40CA7-A399-4154-B0BC-8FD3FC39DCA5}.Release|x86.Build.0 = Release|Any CPU
		{C161ECCF-552B-42E4-BE09-4E5AB2D4477B}.Debug|x64.ActiveCfg = Debug|x64
		{C161ECCF-552B-42E4-BE09-4E5AB2D4477B}.Debug|x64.Build.0 = Debug|x64
		{C161ECCF-552B-42E4-BE09-4E5AB2D4477B}.Debug|Any CPU.ActiveCfg = Debug|Any CPU
		{C161ECCF-552B-42E4-BE09-4E5AB2D4477B}.Debug|Any CPU.Build.0 = Debug|Any CPU
		{C161ECCF-552B-42E4-BE09-4E5AB2D4477B}.Debug|x86.ActiveCfg = Debug|Any CPU
		{C161ECCF-552B-42E4-BE09-4E5AB2D4477B}.Debug|x86.Build.0 = Debug|Any CPU
		{C161ECCF-552B-42E4-BE09-4E5AB2D4477B}.Release|x64.ActiveCfg = Release|x64
		{C161ECCF-552B-42E4-BE09-4E5AB2D4477B}.Release|x64.Build.0 = Release|x64
		{C161ECCF-552B-42E4-BE09-4E5AB2D4477B}.Release|Any CPU.ActiveCfg = Release|Any CPU
		{C161ECCF-552B-42E4-BE09-4E5AB2D4477B}.Release|Any CPU.Build.0 = Release|Any CPU
		{C161ECCF-552B-42E4-BE09-4E5AB2D4477B}.Release|x86.ActiveCfg = Release|Any CPU
		{C161ECCF-552B-42E4-BE09-4E5AB2D4477B}.Release|x86.Build.0 = Release|Any CPU
		{EA726970-1127-4DBE-83F6-B7602D144042}.Debug|x64.ActiveCfg = Debug|x64
		{EA726970-1127-4DBE-83F6-B7602D144042}.Debug|x64.Build.0 = Debug|x64
		{EA726970-1127-4DBE-83F6-B7602D144042}.Debug|Any CPU.ActiveCfg = Debug|Any CPU
		{EA726970-1127-4DBE-83F6-B7602D144042}.Debug|Any CPU.Build.0 = Debug|Any CPU
		{EA726970-1127-4DBE-83F6-B7602D144042}.Debug|x86.ActiveCfg = Debug|Any CPU
		{EA726970-1127-4DBE-83F6-B7602D144042}.Debug|x86.Build.0 = Debug|Any CPU
		{EA726970-1127-4DBE-83F6-B7602D144042}.Release|x64.ActiveCfg = Release|x64
		{EA726970-1127-4DBE-83F6-B7602D144042}.Release|x64.Build.0 = Release|x64
		{EA726970-1127-4DBE-83F6-B7602D144042}.Release|Any CPU.ActiveCfg = Release|Any CPU
		{EA726970-1127-4DBE-83F6-B7602D144042}.Release|Any CPU.Build.0 = Release|Any CPU
		{EA726970-1127-4DBE-83F6-B7602D144042}.Release|x86.ActiveCfg = Release|Any CPU
		{EA726970-1127-4DBE-83F6-B7602D144042}.Release|x86.Build.0 = Release|Any CPU
		{E1A30FC8-2486-4E9B-9691-4BEF76DD3B24}.Debug|x64.ActiveCfg = Debug|x64
		{E1A30FC8-2486-4E9B-9691-4BEF76DD3B24}.Debug|x64.Build.0 = Debug|x64
		{E1A30FC8-2486-4E9B-9691-4BEF76DD3B24}.Debug|Any CPU.ActiveCfg = Debug|Any CPU
		{E1A30FC8-2486-4E9B-9691-4BEF76DD3B24}.Debug|Any CPU.Build.0 = Debug|Any CPU
		{E1A30FC8-2486-4E9B-9691-4BEF76DD3B24}.Debug|x86.ActiveCfg = Debug|Any CPU
		{E1A30FC8-2486-4E9B-9691-4BEF76DD3B24}.Debug|x86.Build.0 = Debug|Any CPU
		{E1A30FC8-2486-4E9B-9691-4BEF76DD3B24}.Release|x64.ActiveCfg = Release|x64
		{E1A30FC8-2486-4E9B-9691-4BEF76DD3B24}.Release|x64.Build.0 = Release|x64
		{E1A30FC8-2486-4E9B-9691-4BEF76DD3B24}.Release|Any CPU.ActiveCfg = Release|Any CPU
		{E1A30FC8-2486-4E9B-9691-4BEF76DD3B24}.Release|Any CPU.Build.0 = Release|Any CPU
		{E1A30FC8-2486-4E9B-9691-4BEF76DD3B24}.Release|x86.ActiveCfg = Release|Any CPU
		{E1A30FC8-2486-4E9B-9691-4BEF76DD3B24}.Release|x86.Build.0 = Release|Any CPU
		{58951EF9-81AB-4C77-8C02-6BAF9BA42E48}.Debug|x64.ActiveCfg = Debug|x64
		{58951EF9-81AB-4C77-8C02-6BAF9BA42E48}.Debug|x64.Build.0 = Debug|x64
		{58951EF9-81AB-4C77-8C02-6BAF9BA42E48}.Debug|Any CPU.ActiveCfg = Debug|Any CPU
		{58951EF9-81AB-4C77-8C02-6BAF9BA42E48}.Debug|Any CPU.Build.0 = Debug|Any CPU
		{58951EF9-81AB-4C77-8C02-6BAF9BA42E48}.Debug|x86.ActiveCfg = Debug|Any CPU
		{58951EF9-81AB-4C77-8C02-6BAF9BA42E48}.Debug|x86.Build.0 = Debug|Any CPU
		{58951EF9-81AB-4C77-8C02-6BAF9BA42E48}.Release|x64.ActiveCfg = Release|x64
		{58951EF9-81AB-4C77-8C02-6BAF9BA42E48}.Release|x64.Build.0 = Release|x64
		{58951EF9-81AB-4C77-8C02-6BAF9BA42E48}.Release|Any CPU.ActiveCfg = Release|Any CPU
		{58951EF9-81AB-4C77-8C02-6BAF9BA42E48}.Release|Any CPU.Build.0 = Release|Any CPU
		{58951EF9-81AB-4C77-8C02-6BAF9BA42E48}.Release|x86.ActiveCfg = Release|Any CPU
		{58951EF9-81AB-4C77-8C02-6BAF9BA42E48}.Release|x86.Build.0 = Release|Any CPU
		{64123720-18CE-4A63-9B1C-A88EBA191716}.Debug|x64.ActiveCfg = Debug|x64
		{64123720-18CE-4A63-9B1C-A88EBA191716}.Debug|x64.Build.0 = Debug|x64
		{64123720-18CE-4A63-9B1C-A88EBA191716}.Debug|Any CPU.ActiveCfg = Debug|Any CPU
		{64123720-18CE-4A63-9B1C-A88EBA191716}.Debug|Any CPU.Build.0 = Debug|Any CPU
		{64123720-18CE-4A63-9B1C-A88EBA191716}.Debug|x86.ActiveCfg = Debug|Any CPU
		{64123720-18CE-4A63-9B1C-A88EBA191716}.Debug|x86.Build.0 = Debug|Any CPU
		{64123720-18CE-4A63-9B1C-A88EBA191716}.Release|x64.ActiveCfg = Release|x64
		{64123720-18CE-4A63-9B1C-A88EBA191716}.Release|x64.Build.0 = Release|x64
		{64123720-18CE-4A63-9B1C-A88EBA191716}.Release|Any CPU.ActiveCfg = Release|Any CPU
		{64123720-18CE-4A63-9B1C-A88EBA191716}.Release|Any CPU.Build.0 = Release|Any CPU
		{64123720-18CE-4A63-9B1C-A88EBA191716}.Release|x86.ActiveCfg = Release|Any CPU
		{64123720-18CE-4A63-9B1C-A88EBA191716}.Release|x86.Build.0 = Release|Any CPU
		{0166BAC9-EF2D-455A-891C-448A820F7F88}.Debug|x64.ActiveCfg = Debug|x64
		{0166BAC9-EF2D-455A-891C-448A820F7F88}.Debug|x64.Build.0 = Debug|x64
		{0166BAC9-EF2D-455A-891C-448A820F7F88}.Debug|Any CPU.ActiveCfg = Debug|Any CPU
		{0166BAC9-EF2D-455A-891C-448A820F7F88}.Debug|Any CPU.Build.0 = Debug|Any CPU
		{0166BAC9-EF2D-455A-891C-448A820F7F88}.Debug|x86.ActiveCfg = Debug|Any CPU
		{0166BAC9-EF2D-455A-891C-448A820F7F88}.Debug|x86.Build.0 = Debug|Any CPU
		{0166BAC9-EF2D-455A-891C-448A820F7F88}.Release|x64.ActiveCfg = Release|x64
		{0166BAC9-EF2D-455A-891C-448A820F7F88}.Release|x64.Build.0 = Release|x64
		{0166BAC9-EF2D-455A-891C-448A820F7F88}.Release|Any CPU.ActiveCfg = Release|Any CPU
		{0166BAC9-EF2D-455A-891C-448A820F7F88}.Release|Any CPU.Build.0 = Release|Any CPU
		{0166BAC9-EF2D-455A-891C-448A820F7F88}.Release|x86.ActiveCfg = Release|Any CPU
		{0166BAC9-EF2D-455A-891C-448A820F7F88}.Release|x86.Build.0 = Release|Any CPU
		{13088EB2-31CE-4677-8A86-D3B73AE0CEBF}.Debug|x64.ActiveCfg = Debug|x64
		{13088EB2-31CE-4677-8A86-D3B73AE0CEBF}.Debug|x64.Build.0 = Debug|x64
		{13088EB2-31CE-4677-8A86-D3B73AE0CEBF}.Debug|Any CPU.ActiveCfg = Debug|x64
		{13088EB2-31CE-4677-8A86-D3B73AE0CEBF}.Debug|Any CPU.Build.0 = Debug|x64
		{13088EB2-31CE-4677-8A86-D3B73AE0CEBF}.Debug|x86.ActiveCfg = Debug|x64
		{13088EB2-31CE-4677-8A86-D3B73AE0CEBF}.Debug|x86.Build.0 = Debug|x64
		{13088EB2-31CE-4677-8A86-D3B73AE0CEBF}.Release|x64.ActiveCfg = Release|x64
		{13088EB2-31CE-4677-8A86-D3B73AE0CEBF}.Release|x64.Build.0 = Release|x64
		{13088EB2-31CE-4677-8A86-D3B73AE0CEBF}.Release|Any CPU.ActiveCfg = Release|x64
		{13088EB2-31CE-4677-8A86-D3B73AE0CEBF}.Release|Any CPU.Build.0 = Release|x64
		{13088EB2-31CE-4677-8A86-D3B73AE0CEBF}.Release|x86.ActiveCfg = Release|x64
		{13088EB2-31CE-4677-8A86-D3B73AE0CEBF}.Release|x86.Build.0 = Release|x64
		{A7B8C6C6-EFEF-4A32-85CB-50D40BB73240}.Debug|x64.ActiveCfg = Debug|x64
		{A7B8C6C6-EFEF-4A32-85CB-50D40BB73240}.Debug|x64.Build.0 = Debug|x64
		{A7B8C6C6-EFEF-4A32-85CB-50D40BB73240}.Debug|Any CPU.ActiveCfg = Debug|x64
		{A7B8C6C6-EFEF-4A32-85CB-50D40BB73240}.Debug|Any CPU.Build.0 = Debug|x64
		{A7B8C6C6-EFEF-4A32-85CB-50D40BB73240}.Debug|x86.ActiveCfg = Debug|x64
		{A7B8C6C6-EFEF-4A32-85CB-50D40BB73240}.Debug|x86.Build.0 = Debug|x64
		{A7B8C6C6-EFEF-4A32-85CB-50D40BB73240}.Release|x64.ActiveCfg = Release|x64
		{A7B8C6C6-EFEF-4A32-85CB-50D40BB73240}.Release|x64.Build.0 = Release|x64
		{A7B8C6C6-EFEF-4A32-85CB-50D40BB73240}.Release|Any CPU.ActiveCfg = Release|x64
		{A7B8C6C6-EFEF-4A32-85CB-50D40BB73240}.Release|Any CPU.Build.0 = Release|x64
		{A7B8C6C6-EFEF-4A32-85CB-50D40BB73240}.Release|x86.ActiveCfg = Release|x64
		{A7B8C6C6-EFEF-4A32-85CB-50D40BB73240}.Release|x86.Build.0 = Release|x64
		{F149A032-D0B6-4F0D-A26E-5533762E7CE8}.Debug|x64.ActiveCfg = Debug|x64
		{F149A032-D0B6-4F0D-A26E-5533762E7CE8}.Debug|x64.Build.0 = Debug|x64
		{F149A032-D0B6-4F0D-A26E-5533762E7CE8}.Debug|Any CPU.ActiveCfg = Debug|x64
		{F149A032-D0B6-4F0D-A26E-5533762E7CE8}.Debug|Any CPU.Build.0 = Debug|x64
		{F149A032-D0B6-4F0D-A26E-5533762E7CE8}.Debug|x86.ActiveCfg = Debug|x64
		{F149A032-D0B6-4F0D-A26E-5533762E7CE8}.Debug|x86.Build.0 = Debug|x64
		{F149A032-D0B6-4F0D-A26E-5533762E7CE8}.Release|x64.ActiveCfg = Release|x64
		{F149A032-D0B6-4F0D-A26E-5533762E7CE8}.Release|x64.Build.0 = Release|x64
		{F149A032-D0B6-4F0D-A26E-5533762E7CE8}.Release|Any CPU.ActiveCfg = Release|x64
		{F149A032-D0B6-4F0D-A26E-5533762E7CE8}.Release|Any CPU.Build.0 = Release|x64
		{F149A032-D0B6-4F0D-A26E-5533762E7CE8}.Release|x86.ActiveCfg = Release|x64
		{F149A032-D0B6-4F0D-A26E-5533762E7CE8}.Release|x86.Build.0 = Release|x64
		{BAB364D8-58AB-40B6-8E94-465D9936EDC7}.Debug|x64.ActiveCfg = Debug|x64
		{BAB364D8-58AB-40B6-8E94-465D9936EDC7}.Debug|x64.Build.0 = Debug|x64
		{BAB364D8-58AB-40B6-8E94-465D9936EDC7}.Debug|Any CPU.ActiveCfg = Debug|x64
		{BAB364D8-58AB-40B6-8E94-465D9936EDC7}.Debug|Any CPU.Build.0 = Debug|x64
		{BAB364D8-58AB-40B6-8E94-465D9936EDC7}.Debug|x86.ActiveCfg = Debug|x64
		{BAB364D8-58AB-40B6-8E94-465D9936EDC7}.Debug|x86.Build.0 = Debug|x64
		{BAB364D8-58AB-40B6-8E94-465D9936EDC7}.Release|x64.ActiveCfg = Release|x64
		{BAB364D8-58AB-40B6-8E94-465D9936EDC7}.Release|x64.Build.0 = Release|x64
		{BAB364D8-58AB-40B6-8E94-465D9936EDC7}.Release|Any CPU.ActiveCfg = Release|x64
		{BAB364D8-58AB-40B6-8E94-465D9936EDC7}.Release|Any CPU.Build.0 = Release|x64
		{BAB364D8-58AB-40B6-8E94-465D9936EDC7}.Release|x86.ActiveCfg = Release|x64
		{BAB364D8-58AB-40B6-8E94-465D9936EDC7}.Release|x86.Build.0 = Release|x64
		{2CD0EC64-EA71-4EFD-9949-2F30A268A7BE}.Debug|x64.ActiveCfg = Debug|x64
		{2CD0EC64-EA71-4EFD-9949-2F30A268A7BE}.Debug|x64.Build.0 = Debug|x64
		{2CD0EC64-EA71-4EFD-9949-2F30A268A7BE}.Debug|Any CPU.ActiveCfg = Debug|x64
		{2CD0EC64-EA71-4EFD-9949-2F30A268A7BE}.Debug|Any CPU.Build.0 = Debug|x64
		{2CD0EC64-EA71-4EFD-9949-2F30A268A7BE}.Debug|x86.ActiveCfg = Debug|x64
		{2CD0EC64-EA71-4EFD-9949-2F30A268A7BE}.Debug|x86.Build.0 = Debug|x64
		{2CD0EC64-EA71-4EFD-9949-2F30A268A7BE}.Release|x64.ActiveCfg = Release|x64
		{2CD0EC64-EA71-4EFD-9949-2F30A268A7BE}.Release|x64.Build.0 = Release|x64
		{2CD0EC64-EA71-4EFD-9949-2F30A268A7BE}.Release|Any CPU.ActiveCfg = Release|x64
		{2CD0EC64-EA71-4EFD-9949-2F30A268A7BE}.Release|Any CPU.Build.0 = Release|x64
		{2CD0EC64-EA71-4EFD-9949-2F30A268A7BE}.Release|x86.ActiveCfg = Release|x64
		{2CD0EC64-EA71-4EFD-9949-2F30A268A7BE}.Release|x86.Build.0 = Release|x64
		{2E91EC1A-526A-4F31-BFEB-BEE4549DCC13}.Debug|x64.ActiveCfg = Debug|x64
		{2E91EC1A-526A-4F31-BFEB-BEE4549DCC13}.Debug|x64.Build.0 = Debug|x64
		{2E91EC1A-526A-4F31-BFEB-BEE4549DCC13}.Debug|Any CPU.ActiveCfg = Debug|x64
		{2E91EC1A-526A-4F31-BFEB-BEE4549DCC13}.Debug|Any CPU.Build.0 = Debug|x64
		{2E91EC1A-526A-4F31-BFEB-BEE4549DCC13}.Debug|x86.ActiveCfg = Debug|x64
		{2E91EC1A-526A-4F31-BFEB-BEE4549DCC13}.Debug|x86.Build.0 = Debug|x64
		{2E91EC1A-526A-4F31-BFEB-BEE4549DCC13}.Release|x64.ActiveCfg = Release|x64
		{2E91EC1A-526A-4F31-BFEB-BEE4549DCC13}.Release|x64.Build.0 = Release|x64
		{2E91EC1A-526A-4F31-BFEB-BEE4549DCC13}.Release|Any CPU.ActiveCfg = Release|x64
		{2E91EC1A-526A-4F31-BFEB-BEE4549DCC13}.Release|Any CPU.Build.0 = Release|x64
		{2E91EC1A-526A-4F31-BFEB-BEE4549DCC13}.Release|x86.ActiveCfg = Release|x64
		{2E91EC1A-526A-4F31-BFEB-BEE4549DCC13}.Release|x86.Build.0 = Release|x64
		{D8AC2230-E9AC-4650-A812-14DB6F091220}.Debug|x64.ActiveCfg = Debug|x64
		{D8AC2230-E9AC-4650-A812-14DB6F091220}.Debug|x64.Build.0 = Debug|x64
		{D8AC2230-E9AC-4650-A812-14DB6F091220}.Debug|Any CPU.ActiveCfg = Debug|x64
		{D8AC2230-E9AC-4650-A812-14DB6F091220}.Debug|Any CPU.Build.0 = Debug|x64
		{D8AC2230-E9AC-4650-A812-14DB6F091220}.Debug|x86.ActiveCfg = Debug|x64
		{D8AC2230-E9AC-4650-A812-14DB6F091220}.Debug|x86.Build.0 = Debug|x64
		{D8AC2230-E9AC-4650-A812-14DB6F091220}.Release|x64.ActiveCfg = Release|x64
		{D8AC2230-E9AC-4650-A812-14DB6F091220}.Release|x64.Build.0 = Release|x64
		{D8AC2230-E9AC-4650-A812-14DB6F091220}.Release|Any CPU.ActiveCfg = Release|x64
		{D8AC2230-E9AC-4650-A812-14DB6F091220}.Release|Any CPU.Build.0 = Release|x64
		{D8AC2230-E9AC-4650-A812-14DB6F091220}.Release|x86.ActiveCfg = Release|x64
		{D8AC2230-E9AC-4650-A812-14DB6F091220}.Release|x86.Build.0 = Release|x64
		{B6EC17D3-7E95-4DEF-AE50-96A9DCCBA69B}.Debug|x64.ActiveCfg = Debug|x64
		{B6EC17D3-7E95-4DEF-AE50-96A9DCCBA69B}.Debug|x64.Build.0 = Debug|x64
		{B6EC17D3-7E95-4DEF-AE50-96A9DCCBA69B}.Debug|Any CPU.ActiveCfg = Debug|x64
		{B6EC17D3-7E95-4DEF-AE50-96A9DCCBA69B}.Debug|Any CPU.Build.0 = Debug|x64
		{B6EC17D3-7E95-4DEF-AE50-96A9DCCBA69B}.Debug|x86.ActiveCfg = Debug|x64
		{B6EC17D3-7E95-4DEF-AE50-96A9DCCBA69B}.Debug|x86.Build.0 = Debug|x64
		{B6EC17D3-7E95-4DEF-AE50-96A9DCCBA69B}.Release|x64.ActiveCfg = Release|x64
		{B6EC17D3-7E95-4DEF-AE50-96A9DCCBA69B}.Release|x64.Build.0 = Release|x64
		{B6EC17D3-7E95-4DEF-AE50-96A9DCCBA69B}.Release|Any CPU.ActiveCfg = Release|x64
		{B6EC17D3-7E95-4DEF-AE50-96A9DCCBA69B}.Release|Any CPU.Build.0 = Release|x64
		{B6EC17D3-7E95-4DEF-AE50-96A9DCCBA69B}.Release|x86.ActiveCfg = Release|x64
		{B6EC17D3-7E95-4DEF-AE50-96A9DCCBA69B}.Release|x86.Build.0 = Release|x64
		{A6746393-6ABA-420B-9E0E-4BF67A3B825B}.Debug|x64.ActiveCfg = Debug|x64
		{A6746393-6ABA-420B-9E0E-4BF67A3B825B}.Debug|x64.Build.0 = Debug|x64
		{A6746393-6ABA-420B-9E0E-4BF67A3B825B}.Debug|Any CPU.ActiveCfg = Debug|x64
		{A6746393-6ABA-420B-9E0E-4BF67A3B825B}.Debug|Any CPU.Build.0 = Debug|x64
		{A6746393-6ABA-420B-9E0E-4BF67A3B825B}.Debug|x86.ActiveCfg = Debug|x64
		{A6746393-6ABA-420B-9E0E-4BF67A3B825B}.Debug|x86.Build.0 = Debug|x64
		{A6746393-6ABA-420B-9E0E-4BF67A3B825B}.Release|x64.ActiveCfg = Release|x64
		{A6746393-6ABA-420B-9E0E-4BF67A3B825B}.Release|x64.Build.0 = Release|x64
		{A6746393-6ABA-420B-9E0E-4BF67A3B825B}.Release|Any CPU.ActiveCfg = Release|x64
		{A6746393-6ABA-420B-9E0E-4BF67A3B825B}.Release|Any CPU.Build.0 = Release|x64
		{A6746393-6ABA-420B-9E0E-4BF67A3B825B}.Release|x86.ActiveCfg = Release|x64
		{A6746393-6ABA-420B-9E0E-4BF67A3B825B}.Release|x86.Build.0 = Release|x64
		{29DA2834-A496-4C8B-A622-6794108956E2}.Debug|x64.ActiveCfg = Debug|x64
		{29DA2834-A496-4C8B-A622-6794108956E2}.Debug|x64.Build.0 = Debug|x64
		{29DA2834-A496-4C8B-A622-6794108956E2}.Debug|Any CPU.ActiveCfg = Debug|x64
		{29DA2834-A496-4C8B-A622-6794108956E2}.Debug|Any CPU.Build.0 = Debug|x64
		{29DA2834-A496-4C8B-A622-6794108956E2}.Debug|x86.ActiveCfg = Debug|x64
		{29DA2834-A496-4C8B-A622-6794108956E2}.Debug|x86.Build.0 = Debug|x64
		{29DA2834-A496-4C8B-A622-6794108956E2}.Release|x64.ActiveCfg = Release|x64
		{29DA2834-A496-4C8B-A622-6794108956E2}.Release|x64.Build.0 = Release|x64
		{29DA2834-A496-4C8B-A622-6794108956E2}.Release|Any CPU.ActiveCfg = Release|x64
		{29DA2834-A496-4C8B-A622-6794108956E2}.Release|Any CPU.Build.0 = Release|x64
		{29DA2834-A496-4C8B-A622-6794108956E2}.Release|x86.ActiveCfg = Release|x64
		{29DA2834-A496-4C8B-A622-6794108956E2}.Release|x86.Build.0 = Release|x64
	EndGlobalSection
	GlobalSection(SolutionProperties) = preSolution
		HideSolutionNode = FALSE
	EndGlobalSection
	GlobalSection(NestedProjects) = preSolution
		{E528A308-27B0-40E4-8306-A16299EF8702} = {827E0CD3-B72D-47B6-A68D-7590B98EB39B}
		{19A40CA7-A399-4154-B0BC-8FD3FC39DCA5} = {827E0CD3-B72D-47B6-A68D-7590B98EB39B}
		{C161ECCF-552B-42E4-BE09-4E5AB2D4477B} = {827E0CD3-B72D-47B6-A68D-7590B98EB39B}
		{EA726970-1127-4DBE-83F6-B7602D144042} = {827E0CD3-B72D-47B6-A68D-7590B98EB39B}
		{E1A30FC8-2486-4E9B-9691-4BEF76DD3B24} = {827E0CD3-B72D-47B6-A68D-7590B98EB39B}
		{58951EF9-81AB-4C77-8C02-6BAF9BA42E48} = {827E0CD3-B72D-47B6-A68D-7590B98EB39B}
		{64123720-18CE-4A63-9B1C-A88EBA191716} = {827E0CD3-B72D-47B6-A68D-7590B98EB39B}
		{0166BAC9-EF2D-455A-891C-448A820F7F88} = {827E0CD3-B72D-47B6-A68D-7590B98EB39B}
		{65533767-D758-79C8-E7DE-792C4E0B7E97} = {827E0CD3-B72D-47B6-A68D-7590B98EB39B}
		{13088EB2-31CE-4677-8A86-D3B73AE0CEBF} = {65533767-D758-79C8-E7DE-792C4E0B7E97}
		{A7B8C6C6-EFEF-4A32-85CB-50D40BB73240} = {4F52FD11-658E-A102-6CD3-7D7C16FFA15B}
		{F149A032-D0B6-4F0D-A26E-5533762E7CE8} = {4F52FD11-658E-A102-6CD3-7D7C16FFA15B}
		{BAB364D8-58AB-40B6-8E94-465D9936EDC7} = {4F52FD11-658E-A102-6CD3-7D7C16FFA15B}
		{E50C7B97-9EC6-5A0E-0EAF-B8774347EFE5} = {0AB3BF05-4346-4AA6-1389-037BE0695223}
		{2CD0EC64-EA71-4EFD-9949-2F30A268A7BE} = {E50C7B97-9EC6-5A0E-0EAF-B8774347EFE5}
		{2E91EC1A-526A-4F31-BFEB-BEE4549DCC13} = {E50C7B97-9EC6-5A0E-0EAF-B8774347EFE5}
		{D8AC2230-E9AC-4650-A812-14DB6F091220} = {E50C7B97-9EC6-5A0E-0EAF-B8774347EFE5}
		{BE1EEABA-5EF0-EB66-A09F-341DFADC5919} = {0AB3BF05-4346-4AA6-1389-037BE0695223}
		{B6EC17D3-7E95-4DEF-AE50-96A9DCCBA69B} = {BE1EEABA-5EF0-EB66-A09F-341DFADC5919}
		{D0D6B8B0-AC35-B3FA-0B96-A9B0E4A3253E} = {0AB3BF05-4346-4AA6-1389-037BE0695223}
		{A6746393-6ABA-420B-9E0E-4BF67A3B825B} = {D0D6B8B0-AC35-B3FA-0B96-A9B0E4A3253E}
		{29DA2834-A496-4C8B-A622-6794108956E2} = {BE1EEABA-5EF0-EB66-A09F-341DFADC5919}
	EndGlobalSection
	GlobalSection(ExtensibilityGlobals) = postSolution
		SolutionGuid = {B5677961-8436-407C-A378-38CEB942CF28}
	EndGlobalSection
EndGlobal
